
Microsoft Visual Studio Solution File, Format Version 12.00
# Visual Studio Version 17
VisualStudioVersion = 17.4.33205.214
MinimumVisualStudioVersion = 10.0.40219.1
Project("{FAE04EC0-301F-11D3-BF4B-00C04F79EFBC}") = "WebAPI", "WebAPI\WebAPI.csproj", "{FBF0EAFF-4E96-4D39-8724-651F6F1FB211}"
EndProject
Project("{FAE04EC0-301F-11D3-BF4B-00C04F79EFBC}") = "Services", "Services\Services.csproj", "{8A8ACD1D-8FB7-461A-8C09-5410C9802ACF}"
EndProject
Project("{FAE04EC0-301F-11D3-BF4B-00C04F79EFBC}") = "Models", "Models\Models.csproj", "{057D46F1-B5AF-48A5-A5A4-3CD8708B3114}"
EndProject
Global
	GlobalSection(SolutionConfigurationPlatforms) = preSolution
		Debug|Any CPU = Debug|Any CPU
		Release|Any CPU = Release|Any CPU
	EndGlobalSection
	GlobalSection(ProjectConfigurationPlatforms) = postSolution
		{FBF0EAFF-4E96-4D39-8724-651F6F1FB211}.Debug|Any CPU.ActiveCfg = Debug|Any CPU
		{FBF0EAFF-4E96-4D39-8724-651F6F1FB211}.Debug|Any CPU.Build.0 = Debug|Any CPU
		{FBF0EAFF-4E96-4D39-8724-651F6F1FB211}.Release|Any CPU.ActiveCfg = Release|Any CPU
		{FBF0EAFF-4E96-4D39-8724-651F6F1FB211}.Release|Any CPU.Build.0 = Release|Any CPU
		{8A8ACD1D-8FB7-461A-8C09-5410C9802ACF}.Debug|Any CPU.ActiveCfg = Debug|Any CPU
		{8A8ACD1D-8FB7-461A-8C09-5410C9802ACF}.Debug|Any CPU.Build.0 = Debug|Any CPU
		{8A8ACD1D-8FB7-461A-8C09-5410C9802ACF}.Release|Any CPU.ActiveCfg = Release|Any CPU
		{8A8ACD1D-8FB7-461A-8C09-5410C9802ACF}.Release|Any CPU.Build.0 = Release|Any CPU
		{057D46F1-B5AF-48A5-A5A4-3CD8708B3114}.Debug|Any CPU.ActiveCfg = Debug|Any CPU
		{057D46F1-B5AF-48A5-A5A4-3CD8708B3114}.Debug|Any CPU.Build.0 = Debug|Any CPU
		{057D46F1-B5AF-48A5-A5A4-3CD8708B3114}.Release|Any CPU.ActiveCfg = Release|Any CPU
		{057D46F1-B5AF-48A5-A5A4-3CD8708B3114}.Release|Any CPU.Build.0 = Release|Any CPU
	EndGlobalSection
	GlobalSection(SolutionProperties) = preSolution
		HideSolutionNode = FALSE
	EndGlobalSection
	GlobalSection(ExtensibilityGlobals) = postSolution
		SolutionGuid = {8C96C5E3-4F85-48F1-B81B-170AA56461C0}
	EndGlobalSection
EndGlobal
